
Microsoft Visual Studio Solution File, Format Version 12.00
# Visual Studio Version 18
VisualStudioVersion = 18.0.11121.172 d18.0
MinimumVisualStudioVersion = 10.0.40219.1
Project("{FAE04EC0-301F-11D3-BF4B-00C04F79EFBC}") = "MarkdownWPF.SampleApp", "MarkdownWPF.SampleApp\MarkdownWPF.SampleApp.csproj", "{7AE34811-4F35-47F9-86B4-FEFA980BA815}"
EndProject
Project("{FAE04EC0-301F-11D3-BF4B-00C04F79EFBC}") = "MarkdownWPF", "MarkdownWPF\MarkdownWPF.csproj", "{3561BD55-3F5D-4A4F-A513-2DE071B2D1C2}"
EndProject
Project("{FAE04EC0-301F-11D3-BF4B-00C04F79EFBC}") = "MarkdownWPF.Html", "MarkdownWPF.Html\MarkdownWPF.Html.csproj", "{DD982A6C-736A-4C21-A8F1-0A2C33B8CA21}"
EndProject
Global
	GlobalSection(SolutionConfigurationPlatforms) = preSolution
		Debug|Any CPU = Debug|Any CPU
		Release|Any CPU = Release|Any CPU
	EndGlobalSection
	GlobalSection(ProjectConfigurationPlatforms) = postSolution
		{7AE34811-4F35-47F9-86B4-FEFA980BA815}.Debug|Any CPU.ActiveCfg = Debug|Any CPU
		{7AE34811-4F35-47F9-86B4-FEFA980BA815}.Debug|Any CPU.Build.0 = Debug|Any CPU
		{7AE34811-4F35-47F9-86B4-FEFA980BA815}.Release|Any CPU.ActiveCfg = Release|Any CPU
		{7AE34811-4F35-47F9-86B4-FEFA980BA815}.Release|Any CPU.Build.0 = Release|Any CPU
		{3561BD55-3F5D-4A4F-A513-2DE071B2D1C2}.Debug|Any CPU.ActiveCfg = Debug|Any CPU
		{3561BD55-3F5D-4A4F-A513-2DE071B2D1C2}.Debug|Any CPU.Build.0 = Debug|Any CPU
		{3561BD55-3F5D-4A4F-A513-2DE071B2D1C2}.Release|Any CPU.ActiveCfg = Release|Any CPU
		{3561BD55-3F5D-4A4F-A513-2DE071B2D1C2}.Release|Any CPU.Build.0 = Release|Any CPU
		{DD982A6C-736A-4C21-A8F1-0A2C33B8CA21}.Debug|Any CPU.ActiveCfg = Debug|Any CPU
		{DD982A6C-736A-4C21-A8F1-0A2C33B8CA21}.Debug|Any CPU.Build.0 = Debug|Any CPU
		{DD982A6C-736A-4C21-A8F1-0A2C33B8CA21}.Release|Any CPU.ActiveCfg = Release|Any CPU
		{DD982A6C-736A-4C21-A8F1-0A2C33B8CA21}.Release|Any CPU.Build.0 = Release|Any CPU
	EndGlobalSection
	GlobalSection(SolutionProperties) = preSolution
		HideSolutionNode = FALSE
	EndGlobalSection
	GlobalSection(ExtensibilityGlobals) = postSolution
		SolutionGuid = {37299910-561E-4557-BB7D-BA1A507008D9}
	EndGlobalSection
EndGlobal
